
Microsoft Visual Studio Solution File, Format Version 12.00
# Visual Studio Version 17
VisualStudioVersion = 17.10.35122.118
MinimumVisualStudioVersion = 10.0.40219.1
Project("{FAE04EC0-301F-11D3-BF4B-00C04F79EFBC}") = "megatron", "megatron.csproj", "{001558B2-9640-4D53-B7C0-A4C18C945754}"
EndProject
Global
	GlobalSection(SolutionConfigurationPlatforms) = preSolution
		Debug|Any CPU = Debug|Any CPU
		Release|Any CPU = Release|Any CPU
	EndGlobalSection
	GlobalSection(ProjectConfigurationPlatforms) = postSolution
		{001558B2-9640-4D53-B7C0-A4C18C945754}.Debug|Any CPU.ActiveCfg = Debug|Any CPU
		{001558B2-9640-4D53-B7C0-A4C18C945754}.Debug|Any CPU.Build.0 = Debug|Any CPU
		{001558B2-9640-4D53-B7C0-A4C18C945754}.Release|Any CPU.ActiveCfg = Release|Any CPU
		{001558B2-9640-4D53-B7C0-A4C18C945754}.Release|Any CPU.Build.0 = Release|Any CPU
	EndGlobalSection
	GlobalSection(SolutionProperties) = preSolution
		HideSolutionNode = FALSE
	EndGlobalSection
	GlobalSection(ExtensibilityGlobals) = postSolution
		SolutionGuid = {7C4D27FF-FBB8-4AEB-AFE5-C446FAB5F3D0}
	EndGlobalSection
EndGlobal
