
Microsoft Visual Studio Solution File, Format Version 12.00
# Visual Studio Version 17
VisualStudioVersion = 17.10.35122.118
MinimumVisualStudioVersion = 10.0.40219.1
Project("{FAE04EC0-301F-11D3-BF4B-00C04F79EFBC}") = "code_key_finder", "code_key_finder.csproj", "{C0F6FBEB-2A54-404E-BFAB-2CD72B2A716E}"
EndProject
Global
	GlobalSection(SolutionConfigurationPlatforms) = preSolution
		Debug|Any CPU = Debug|Any CPU
		Release|Any CPU = Release|Any CPU
	EndGlobalSection
	GlobalSection(ProjectConfigurationPlatforms) = postSolution
		{C0F6FBEB-2A54-404E-BFAB-2CD72B2A716E}.Debug|Any CPU.ActiveCfg = Debug|Any CPU
		{C0F6FBEB-2A54-404E-BFAB-2CD72B2A716E}.Debug|Any CPU.Build.0 = Debug|Any CPU
		{C0F6FBEB-2A54-404E-BFAB-2CD72B2A716E}.Release|Any CPU.ActiveCfg = Release|Any CPU
		{C0F6FBEB-2A54-404E-BFAB-2CD72B2A716E}.Release|Any CPU.Build.0 = Release|Any CPU
	EndGlobalSection
	GlobalSection(SolutionProperties) = preSolution
		HideSolutionNode = FALSE
	EndGlobalSection
	GlobalSection(ExtensibilityGlobals) = postSolution
		SolutionGuid = {12A56B24-C6F9-4703-9C1C-CC192FA99AE5}
	EndGlobalSection
EndGlobal
